github.com/nkdAgility/HugoGuides/module v0.7.2 h1:eKkwj7p2r9+CpR7axltRWOX5KPJlhN3UQcVmhsOr8Zc=
github.com/nkdAgility/HugoGuides/module v0.7.2/go.mod h1:VGUy7t0I5Ba4FWVFpuBzVI1RN/cOBvcWSeYGsAj37tE=
github.com/nkdAgility/HugoGuides/module v0.7.3 h1:FB0JQzOlfXfwR6fcLhCk+n2uGsbWW+ODaaKzyz9N51g=
github.com/nkdAgility/HugoGuides/module v0.7.3/go.mod h1:VGUy7t0I5Ba4FWVFpuBzVI1RN/cOBvcWSeYGsAj37tE=
github.com/nkdAgility/HugoGuides/module v0.7.4 h1:q0i/8W2FPnKOSaIAblCp3cCkTSzQ/qcW9vdTtc5zZ7w=
github.com/nkdAgility/HugoGuides/module v0.7.4/go.mod h1:VGUy7t0I5Ba4FWVFpuBzVI1RN/cOBvcWSeYGsAj37tE=
github.com/nkdAgility/HugoGuides/module v0.7.5 h1:u9vIwvLoe6jmgMsDOIAY0pp3OOMv9Z4NAISWrJGrNT4=
github.com/nkdAgility/HugoGuides/module v0.7.5/go.mod h1:VGUy7t0I5Ba4FWVFpuBzVI1RN/cOBvcWSeYGsAj37tE=
github.com/nkdAgility/HugoGuides/module v0.7.6 h1:4z227g0PklqSrmRqG9e3zXVAqho+u4rfadjUuuCxx8w=
github.com/nkdAgility/HugoGuides/module v0.7.6/go.mod h1:VGUy7t0I5Ba4FWVFpuBzVI1RN/cOBvcWSeYGsAj37tE=
github.com/nkdAgility/HugoGuides/module v0.7.7 h1:HFHG1pyVILTS2wsP+/ByhAZVSO6wVhAcZ7IMI+2bNkA=
github.com/nkdAgility/HugoGuides/module v0.7.7/go.mod h1:VGUy7t0I5Ba4FWVFpuBzVI1RN/cOBvcWSeYGsAj37tE=
github.com/nkdAgility/HugoGuides/module v0.7.8 h1:/bWL18IaJwtenl5+48sBHSjYpGBS0rtvXV6VfT3zTsI=
github.com/nkdAgility/HugoGuides/module v0.7.8/go.mod h1:VGUy7t0I5Ba4FWVFpuBzVI1RN/cOBvcWSeYGsAj37tE=
github.com/nkdAgility/HugoGuides/module v0.7.9 h1:ukcS2JmHIfriRtgXmrI0Vi7QNdir27M5QZnF2its3Gw=
github.com/nkdAgility/HugoGuides/module v0.7.9/go.mod h1:VGUy7t0I5Ba4FWVFpuBzVI1RN/cOBvcWSeYGsAj37tE=
github.com/nkdAgility/HugoGuides/module v0.8.0 h1:x9A7FMRTRkiDOFJGH85ecQNmN93gSHhdEzyZPZXfYFQ=
github.com/nkdAgility/HugoGuides/module v0.8.0/go.mod h1:VGUy7t0I5Ba4FWVFpuBzVI1RN/cOBvcWSeYGsAj37tE=
github.com/nkdAgility/HugoGuides/module v0.8.1 h1:0x8tngIZQ0dAEU1nytrV4SaXyghIZ7846/ZLFeZdgZs=
github.com/nkdAgility/HugoGuides/module v0.8.1/go.mod h1:VGUy7t0I5Ba4FWVFpuBzVI1RN/cOBvcWSeYGsAj37tE=
github.com/nkdAgility/HugoGuides/module v0.8.2 h1:djIgll8/bs/N0MEPWNUor76/eUxIF4GfuwyYzGfNe2c=
github.com/nkdAgility/HugoGuides/module v0.8.2/go.mod h1:VGUy7t0I5Ba4FWVFpuBzVI1RN/cOBvcWSeYGsAj37tE=
github.com/nkdAgility/HugoGuides/module v0.8.3 h1:Zy6OweL4p4uZn0Y+/+gwsg3J8n8rnQFjxTqrKuS3Gp0=
github.com/nkdAgility/HugoGuides/module v0.8.3/go.mod h1:VGUy7t0I5Ba4FWVFpuBzVI1RN/cOBvcWSeYGsAj37tE=
