github.com/nkdAgility/OpenGuidePlatform/system/OpenGuidePlatform.Hugo.Guides v0.5.6-Preview.1 h1:Gij0n0KjuElP1oTpg7loyH+udeyuCvndul22DWAzMmI=
github.com/nkdAgility/OpenGuidePlatform/system/OpenGuidePlatform.Hugo.Guides v0.5.6-Preview.1/go.mod h1:rAE0g1D+UCeGL3BUQvtngp1S76QDcVozQoa9V8mAukg=
github.com/nkdAgility/OpenGuidePlatform/system/OpenGuidePlatform.Hugo.Guides v1.0.0 h1:mgF6uEeccywmpdxG3ZMNhbnX5qZ86dJ9NXAeeP+7PJw=
github.com/nkdAgility/OpenGuidePlatform/system/OpenGuidePlatform.Hugo.Guides v1.0.0/go.mod h1:rAE0g1D+UCeGL3BUQvtngp1S76QDcVozQoa9V8mAukg=
