github.com/nkdAgility/HugoGuides/module v0.7.2 h1:eKkwj7p2r9+CpR7axltRWOX5KPJlhN3UQcVmhsOr8Zc=
github.com/nkdAgility/HugoGuides/module v0.7.2/go.mod h1:VGUy7t0I5Ba4FWVFpuBzVI1RN/cOBvcWSeYGsAj37tE=
github.com/nkdAgility/HugoGuides/module v0.7.3 h1:FB0JQzOlfXfwR6fcLhCk+n2uGsbWW+ODaaKzyz9N51g=
github.com/nkdAgility/HugoGuides/module v0.7.3/go.mod h1:VGUy7t0I5Ba4FWVFpuBzVI1RN/cOBvcWSeYGsAj37tE=
github.com/nkdAgility/HugoGuides/module v0.7.4 h1:q0i/8W2FPnKOSaIAblCp3cCkTSzQ/qcW9vdTtc5zZ7w=
github.com/nkdAgility/HugoGuides/module v0.7.4/go.mod h1:VGUy7t0I5Ba4FWVFpuBzVI1RN/cOBvcWSeYGsAj37tE=
