# This file is machine-generated by `gh actions-lock`.
# Do not edit by hand; run `gh actions-lock` to update.
# Docs: https://gh.io/actions-lockfile
version: 'v0.0.2'
workflows:
    '.github/workflows/close-pr.yaml':
        - 'azure/static-web-apps-deploy@v1'
    '.github/workflows/copilot-setup-steps.yml':
        - 'actions/checkout@v4'
        - 'peaceiris/actions-hugo@v3'
    '.github/workflows/docs-to-wiki.yml':
        - 'actions/checkout@v4'
        - 'cmbrose/github-docs-to-wiki@v0.20'
        - 'tj-actions/changed-files@v44'
    '.github/workflows/pdf-language-tests.yaml':
        - 'actions/checkout@v4'
    '.github/workflows/stale-issues.yml':
        - 'actions/stale@v9'
dependencies:
    'actions/checkout@v4':
        ref: 'v4'
        commit: 'sha1-11d5960a326750d5838078e36cf38b85af677262'
        owner_id: 44036562
        repo_id: 197814629
    'actions/stale@v9':
        ref: 'v9'
        commit: 'sha1-5bef64f19d7facfb25b37b414482c7164d639639'
        owner_id: 44036562
        repo_id: 200437066
    'azure/static-web-apps-deploy@v1':
        ref: 'v1'
        commit: 'sha1-1a947af9992250f3bc2e68ad0754c0b0c11566c9'
        owner_id: 6844498
        repo_id: 256014197
    'cmbrose/github-docs-to-wiki@v0.20':
        ref: 'v0.20'
        commit: 'sha1-63b291ccf8b66be4233493eae236329a8c43343e'
        owner_id: 5447118
        repo_id: 325144801
    'peaceiris/actions-hugo@v3':
        ref: 'v3'
        commit: 'sha1-2752ce1d29631191ea3f27c23495fa06139a5b78'
        owner_id: 30958501
        repo_id: 187902720
    'tj-actions/changed-files@v44':
        ref: 'v44'
        commit: 'sha1-2d756ea4c53f7f6b397767d8723b3a10a9f35bf2'
        owner_id: 67116787
        repo_id: 344672439
